
Microsoft Visual Studio Solution File, Format Version 12.00
# Visual Studio Version 17
VisualStudioVersion = 17.7.34018.315
MinimumVisualStudioVersion = 10.0.40219.1
Project("{FAE04EC0-301F-11D3-BF4B-00C04F79EFBC}") = "COP4365 Project3", "COP4365 Project3\COP4365 Project3.csproj", "{A1EF7220-109D-438E-9398-54AAD578F759}"
EndProject
Global
	GlobalSection(SolutionConfigurationPlatforms) = preSolution
		Debug|Any CPU = Debug|Any CPU
		Release|Any CPU = Release|Any CPU
	EndGlobalSection
	GlobalSection(ProjectConfigurationPlatforms) = postSolution
		{A1EF7220-109D-438E-9398-54AAD578F759}.Debug|Any CPU.ActiveCfg = Debug|Any CPU
		{A1EF7220-109D-438E-9398-54AAD578F759}.Debug|Any CPU.Build.0 = Debug|Any CPU
		{A1EF7220-109D-438E-9398-54AAD578F759}.Release|Any CPU.ActiveCfg = Release|Any CPU
		{A1EF7220-109D-438E-9398-54AAD578F759}.Release|Any CPU.Build.0 = Release|Any CPU
	EndGlobalSection
	GlobalSection(SolutionProperties) = preSolution
		HideSolutionNode = FALSE
	EndGlobalSection
	GlobalSection(ExtensibilityGlobals) = postSolution
		SolutionGuid = {680C8F34-6026-4CC9-A553-63F6D7AC5C18}
	EndGlobalSection
EndGlobal
